dependencies:
- name: loki
  repository: file://../loki
  version: 0.29.0
- name: promtail
  repository: file://../promtail
  version: 0.23.1
- name: fluent-bit
  repository: file://../fluent-bit
  version: 0.1.3
- name: grafana
  repository: https://kubernetes-charts.storage.googleapis.com/
  version: 3.8.19
- name: prometheus
  repository: https://kubernetes-charts.storage.googleapis.com/
  version: 9.3.3
digest: sha256:b8fbea7913c0dc1ee33ef3cd5e0a754c4afe90916528a0c116fe25b9ba4c763c
generated: 2020-06-05T20:29:06.523482168Z
